
Microsoft Visual Studio Solution File, Format Version 12.00
# Visual Studio Version 17
VisualStudioVersion = 17.11.35208.52
MinimumVisualStudioVersion = 10.0.40219.1
Project("{9A19103F-16F7-4668-BE54-9A1E7A4F7556}") = "AppLockVault", "AppLockVault.csproj", "{581FC19E-815E-49B1-874C-579447E27118}"
EndProject
Global
	GlobalSection(SolutionConfigurationPlatforms) = preSolution
		Debug|Any CPU = Debug|Any CPU
		Release|Any CPU = Release|Any CPU
	EndGlobalSection
	GlobalSection(ProjectConfigurationPlatforms) = postSolution
		{581FC19E-815E-49B1-874C-579447E27118}.Debug|Any CPU.ActiveCfg = Debug|Any CPU
		{581FC19E-815E-49B1-874C-579447E27118}.Debug|Any CPU.Build.0 = Debug|Any CPU
		{581FC19E-815E-49B1-874C-579447E27118}.Release|Any CPU.ActiveCfg = Release|Any CPU
		{581FC19E-815E-49B1-874C-579447E27118}.Release|Any CPU.Build.0 = Release|Any CPU
	EndGlobalSection
	GlobalSection(SolutionProperties) = preSolution
		HideSolutionNode = FALSE
	EndGlobalSection
	GlobalSection(ExtensibilityGlobals) = postSolution
		SolutionGuid = {FF81BA30-3188-41DF-8F5F-D347F518E106}
	EndGlobalSection
EndGlobal
